
Microsoft Visual Studio Solution File, Format Version 12.00
# Visual Studio Version 16
VisualStudioVersion = 16.0.29411.108
MinimumVisualStudioVersion = 10.0.40219.1
Project("{FAE04EC0-301F-11D3-BF4B-00C04F79EFBC}") = "S.O.L.I.D", "S.O.L.I.D.csproj", "{A4ED6A7A-939E-4992-8478-3CC001BD9291}"
EndProject
Global
	GlobalSection(SolutionConfigurationPlatforms) = preSolution
		Debug|Any CPU = Debug|Any CPU
		Release|Any CPU = Release|Any CPU
	EndGlobalSection
	GlobalSection(ProjectConfigurationPlatforms) = postSolution
		{A4ED6A7A-939E-4992-8478-3CC001BD9291}.Debug|Any CPU.ActiveCfg = Debug|Any CPU
		{A4ED6A7A-939E-4992-8478-3CC001BD9291}.Debug|Any CPU.Build.0 = Debug|Any CPU
		{A4ED6A7A-939E-4992-8478-3CC001BD9291}.Release|Any CPU.ActiveCfg = Release|Any CPU
		{A4ED6A7A-939E-4992-8478-3CC001BD9291}.Release|Any CPU.Build.0 = Release|Any CPU
	EndGlobalSection
	GlobalSection(SolutionProperties) = preSolution
		HideSolutionNode = FALSE
	EndGlobalSection
	GlobalSection(ExtensibilityGlobals) = postSolution
		SolutionGuid = {7F554B3C-95E9-4B40-ABC8-965888FEA0E7}
	EndGlobalSection
EndGlobal
